
Microsoft Visual Studio Solution File, Format Version 12.00
# Visual Studio Version 17
VisualStudioVersion = 17.14.36804.6
MinimumVisualStudioVersion = 10.0.40219.1
Project("{FAE04EC0-301F-11D3-BF4B-00C04F79EFBC}") = "web", "web.csproj", "{452B350F-C1F9-43F5-810B-957A989C288D}"
EndProject
Global
	GlobalSection(SolutionConfigurationPlatforms) = preSolution
		Debug|Any CPU = Debug|Any CPU
		Release|Any CPU = Release|Any CPU
	EndGlobalSection
	GlobalSection(ProjectConfigurationPlatforms) = postSolution
		{452B350F-C1F9-43F5-810B-957A989C288D}.Debug|Any CPU.ActiveCfg = Debug|Any CPU
		{452B350F-C1F9-43F5-810B-957A989C288D}.Debug|Any CPU.Build.0 = Debug|Any CPU
		{452B350F-C1F9-43F5-810B-957A989C288D}.Release|Any CPU.ActiveCfg = Release|Any CPU
		{452B350F-C1F9-43F5-810B-957A989C288D}.Release|Any CPU.Build.0 = Release|Any CPU
	EndGlobalSection
	GlobalSection(SolutionProperties) = preSolution
		HideSolutionNode = FALSE
	EndGlobalSection
	GlobalSection(ExtensibilityGlobals) = postSolution
		SolutionGuid = {9D9F84B7-3BC0-4583-9935-F0A73DC76788}
	EndGlobalSection
EndGlobal
